
Microsoft Visual Studio Solution File, Format Version 12.00
# Visual Studio Version 16
VisualStudioVersion = 16.0.30621.155
MinimumVisualStudioVersion = 10.0.40219.1
Project("{9A19103F-16F7-4668-BE54-9A1E7A4F7556}") = "FinancialCalculator.Host", "src\FinancialCalculator.Host\FinancialCalculator.Host.csproj", "{53EB9D5B-563C-4D2F-83E4-FD8B2D9A983D}"
EndProject
Project("{9A19103F-16F7-4668-BE54-9A1E7A4F7556}") = "FinancialCalculator.BL", "src\FinancialCalculator.BL\FinancialCalculator.BL.csproj", "{03045F6E-104F-420A-B276-81C00C96C9C7}"
EndProject
Project("{9A19103F-16F7-4668-BE54-9A1E7A4F7556}") = "FinancialCalculator.Models", "src\FinancialCalculator.Models\FinancialCalculator.Models.csproj", "{5A263FF2-C92B-4BBB-862A-AE49CADC7F53}"
EndProject
Project("{2150E333-8FDC-42A3-9474-1A3956D46DE8}") = "SolutionItems", "SolutionItems", "{00243FA8-25E7-4564-8401-7624C7576BF7}"
	ProjectSection(SolutionItems) = preProject
		.gitignore = .gitignore
		README.md = README.md
	EndProjectSection
EndProject
Project("{9A19103F-16F7-4668-BE54-9A1E7A4F7556}") = "Tests", "Tests\Tests.csproj", "{91A7CA85-DB84-4804-BAB2-4C2149DBEB30}"
EndProject
Global
	GlobalSection(SolutionConfigurationPlatforms) = preSolution
		Debug|Any CPU = Debug|Any CPU
		Release|Any CPU = Release|Any CPU
	EndGlobalSection
	GlobalSection(ProjectConfigurationPlatforms) = postSolution
		{53EB9D5B-563C-4D2F-83E4-FD8B2D9A983D}.Debug|Any CPU.ActiveCfg = Debug|Any CPU
		{53EB9D5B-563C-4D2F-83E4-FD8B2D9A983D}.Debug|Any CPU.Build.0 = Debug|Any CPU
		{53EB9D5B-563C-4D2F-83E4-FD8B2D9A983D}.Release|Any CPU.ActiveCfg = Release|Any CPU
		{53EB9D5B-563C-4D2F-83E4-FD8B2D9A983D}.Release|Any CPU.Build.0 = Release|Any CPU
		{03045F6E-104F-420A-B276-81C00C96C9C7}.Debug|Any CPU.ActiveCfg = Debug|Any CPU
		{03045F6E-104F-420A-B276-81C00C96C9C7}.Debug|Any CPU.Build.0 = Debug|Any CPU
		{03045F6E-104F-420A-B276-81C00C96C9C7}.Release|Any CPU.ActiveCfg = Release|Any CPU
		{03045F6E-104F-420A-B276-81C00C96C9C7}.Release|Any CPU.Build.0 = Release|Any CPU
		{5A263FF2-C92B-4BBB-862A-AE49CADC7F53}.Debug|Any CPU.ActiveCfg = Debug|Any CPU
		{5A263FF2-C92B-4BBB-862A-AE49CADC7F53}.Debug|Any CPU.Build.0 = Debug|Any CPU
		{5A263FF2-C92B-4BBB-862A-AE49CADC7F53}.Release|Any CPU.ActiveCfg = Release|Any CPU
		{5A263FF2-C92B-4BBB-862A-AE49CADC7F53}.Release|Any CPU.Build.0 = Release|Any CPU
		{91A7CA85-DB84-4804-BAB2-4C2149DBEB30}.Debug|Any CPU.ActiveCfg = Debug|Any CPU
		{91A7CA85-DB84-4804-BAB2-4C2149DBEB30}.Debug|Any CPU.Build.0 = Debug|Any CPU
		{91A7CA85-DB84-4804-BAB2-4C2149DBEB30}.Release|Any CPU.ActiveCfg = Release|Any CPU
		{91A7CA85-DB84-4804-BAB2-4C2149DBEB30}.Release|Any CPU.Build.0 = Release|Any CPU
	EndGlobalSection
	GlobalSection(SolutionProperties) = preSolution
		HideSolutionNode = FALSE
	EndGlobalSection
	GlobalSection(ExtensibilityGlobals) = postSolution
		SolutionGuid = {432326B4-3867-452B-9AFD-83D275DC420F}
	EndGlobalSection
EndGlobal
